<?xml version="1.0" encoding="utf-8"?>
<Project ToolsVersion="4.0" xmlns="http://schemas.microsoft.com/developer/msbuild/2003">
  <ItemGroup>
    <Filter Include="Source Files">
      <UniqueIdentifier>{9a43e9a4-4076-437b-9c91-97f869c1b191}</UniqueIdentifier>
      <Extensions>cpp;c;cxx;rc;def;r;odl;idl;hpj;bat;for;f90</Extensions>
    </Filter>
    <Filter Include="Source Files\common">
      <UniqueIdentifier>{96e7edfa-9edd-4653-b135-8615ccff8d64}</UniqueIdentifier>
    </Filter>
    <Filter Include="Header Files">
      <UniqueIdentifier>{4a5dc05d-9b96-49de-82ae-0c867ada61d4}</UniqueIdentifier>
      <Extensions>h;hpp;hxx;hm;inl;fi;fd</Extensions>
    </Filter>
    <Filter Include="Resource Files">
      <UniqueIdentifier>{0ae498a1-adbe-4465-9a2d-89be6416c66f}</UniqueIdentifier>
      <Extensions>ico;cur;bmp;dlg;rc2;rct;bin;cnt;rtf;gif;jpg;jpeg;jpe</Extensions>
    </Filter>
  </ItemGroup>
  <ItemGroup>
    <ClCompile Include="..\common\blockmem.cpp">
      <Filter>Source Files\common</Filter>
    </ClCompile>
    <ClCompile Include="..\common\bspfile.cpp">
      <Filter>Source Files\common</Filter>
    </ClCompile>
    <ClCompile Include="..\common\cmdlib.cpp">
      <Filter>Source Files\common</Filter>
    </ClCompile>
    <ClCompile Include="..\common\filelib.cpp">
      <Filter>Source Files\common</Filter>
    </ClCompile>
    <ClCompile Include="..\common\log.cpp">
      <Filter>Source Files\common</Filter>
    </ClCompile>
    <ClCompile Include="..\common\mathlib.cpp">
      <Filter>Source Files\common</Filter>
    </ClCompile>
    <ClCompile Include="..\common\messages.cpp">
      <Filter>Source Files\common</Filter>
    </ClCompile>
    <ClCompile Include="..\common\resourcelock.cpp">
      <Filter>Source Files\common</Filter>
    </ClCompile>
    <ClCompile Include="..\common\scriplib.cpp">
      <Filter>Source Files\common</Filter>
    </ClCompile>
    <ClCompile Include="..\common\threads.cpp">
      <Filter>Source Files\common</Filter>
    </ClCompile>
    <ClCompile Include="..\common\winding.cpp">
      <Filter>Source Files\common</Filter>
    </ClCompile>
    <ClCompile Include="..\common\cmdlinecfg.cpp">
      <Filter>Source Files</Filter>
    </ClCompile>
    <ClCompile Include="compress.cpp">
      <Filter>Source Files</Filter>
    </ClCompile>
    <ClCompile Include="..\common\files.cpp">
      <Filter>Source Files</Filter>
    </ClCompile>
    <ClCompile Include="..\common\filesystem.cpp">
      <Filter>Source Files</Filter>
    </ClCompile>
    <ClCompile Include="leaf_lighting.cpp">
      <Filter>Source Files</Filter>
    </ClCompile>
    <ClCompile Include="lerp.cpp">
      <Filter>Source Files</Filter>
    </ClCompile>
    <ClCompile Include="lightmap.cpp">
      <Filter>Source Files</Filter>
    </ClCompile>
    <ClCompile Include="loadtextures.cpp">
      <Filter>Source Files</Filter>
    </ClCompile>
    <ClCompile Include="mathutil.cpp">
      <Filter>Source Files</Filter>
    </ClCompile>
    <ClCompile Include="meshdesc.cpp">
      <Filter>Source Files</Filter>
    </ClCompile>
    <ClCompile Include="meshtrace.cpp">
      <Filter>Source Files</Filter>
    </ClCompile>
    <ClCompile Include="nomatrix.cpp">
      <Filter>Source Files</Filter>
    </ClCompile>
    <ClCompile Include="progmesh.cpp">
      <Filter>Source Files</Filter>
    </ClCompile>
    <ClCompile Include="qrad.cpp">
      <Filter>Source Files</Filter>
    </ClCompile>
    <ClCompile Include="qradutil.cpp">
      <Filter>Source Files</Filter>
    </ClCompile>
    <ClCompile Include="sparse.cpp">
      <Filter>Source Files</Filter>
    </ClCompile>
    <ClCompile Include="..\common\stringlib.cpp">
      <Filter>Source Files</Filter>
    </ClCompile>
    <ClCompile Include="studio.cpp">
      <Filter>Source Files</Filter>
    </ClCompile>
    <ClCompile Include="trace.cpp">
      <Filter>Source Files</Filter>
    </ClCompile>
    <ClCompile Include="transfers.cpp">
      <Filter>Source Files</Filter>
    </ClCompile>
    <ClCompile Include="transparency.cpp">
      <Filter>Source Files</Filter>
    </ClCompile>
    <ClCompile Include="vismatrix.cpp">
      <Filter>Source Files</Filter>
    </ClCompile>
    <ClCompile Include="vismatrixutil.cpp">
      <Filter>Source Files</Filter>
    </ClCompile>
  </ItemGroup>
  <ItemGroup>
    <ClInclude Include="..\common\anorms.h">
      <Filter>Header Files</Filter>
    </ClInclude>
    <ClInclude Include="..\common\blockmem.h">
      <Filter>Header Files</Filter>
    </ClInclude>
    <ClInclude Include="..\common\boundingbox.h">
      <Filter>Header Files</Filter>
    </ClInclude>
    <ClInclude Include="..\common\bspfile.h">
      <Filter>Header Files</Filter>
    </ClInclude>
    <ClInclude Include="..\common\cmdlib.h">
      <Filter>Header Files</Filter>
    </ClInclude>
    <ClInclude Include="..\common\cmdlinecfg.h">
      <Filter>Header Files</Filter>
    </ClInclude>
    <ClInclude Include="..\common\compress.h">
      <Filter>Header Files</Filter>
    </ClInclude>
    <ClInclude Include="compress.h">
      <Filter>Header Files</Filter>
    </ClInclude>
    <ClInclude Include="..\common\filelib.h">
      <Filter>Header Files</Filter>
    </ClInclude>
    <ClInclude Include="..\common\hlassert.h">
      <Filter>Header Files</Filter>
    </ClInclude>
    <ClInclude Include="list.h">
      <Filter>Header Files</Filter>
    </ClInclude>
    <ClInclude Include="..\common\log.h">
      <Filter>Header Files</Filter>
    </ClInclude>
    <ClInclude Include="..\common\mathlib.h">
      <Filter>Header Files</Filter>
    </ClInclude>
    <ClInclude Include="..\common\mathtypes.h">
      <Filter>Header Files</Filter>
    </ClInclude>
    <ClInclude Include="meshdesc.h">
      <Filter>Header Files</Filter>
    </ClInclude>
    <ClInclude Include="meshtrace.h">
      <Filter>Header Files</Filter>
    </ClInclude>
    <ClInclude Include="..\common\messages.h">
      <Filter>Header Files</Filter>
    </ClInclude>
    <ClInclude Include="..\common\polylib.h">
      <Filter>Header Files</Filter>
    </ClInclude>
    <ClInclude Include="qrad.h">
      <Filter>Header Files</Filter>
    </ClInclude>
    <ClInclude Include="..\common\resourcelock.h">
      <Filter>Header Files</Filter>
    </ClInclude>
    <ClInclude Include="..\common\scriplib.h">
      <Filter>Header Files</Filter>
    </ClInclude>
    <ClInclude Include="..\common\stringlib.h">
      <Filter>Header Files</Filter>
    </ClInclude>
    <ClInclude Include="studio.h">
      <Filter>Header Files</Filter>
    </ClInclude>
    <ClInclude Include="..\common\threads.h">
      <Filter>Header Files</Filter>
    </ClInclude>
    <ClInclude Include="..\common\TimeCounter.h">
      <Filter>Header Files</Filter>
    </ClInclude>
    <ClInclude Include="..\common\win32fix.h">
      <Filter>Header Files</Filter>
    </ClInclude>
    <ClInclude Include="..\common\winding.h">
      <Filter>Header Files</Filter>
    </ClInclude>
  </ItemGroup>
</Project>